
Microsoft Visual Studio Solution File, Format Version 12.00
# Visual Studio Version 17
VisualStudioVersion = 17.0.32014.148
MinimumVisualStudioVersion = 10.0.40219.1
Project("{FAE04EC0-301F-11D3-BF4B-00C04F79EFBC}") = "ConsoleApp1", "ConsoleApp1\ConsoleApp1.csproj", "{C2B30108-F93E-431D-BFDF-66DE409691B3}"
EndProject
Global
	GlobalSection(SolutionConfigurationPlatforms) = preSolution
		Debug|Any CPU = Debug|Any CPU
		Release|Any CPU = Release|Any CPU
	EndGlobalSection
	GlobalSection(ProjectConfigurationPlatforms) = postSolution
		{C2B30108-F93E-431D-BFDF-66DE409691B3}.Debug|Any CPU.ActiveCfg = Debug|Any CPU
		{C2B30108-F93E-431D-BFDF-66DE409691B3}.Debug|Any CPU.Build.0 = Debug|Any CPU
		{C2B30108-F93E-431D-BFDF-66DE409691B3}.Release|Any CPU.ActiveCfg = Release|Any CPU
		{C2B30108-F93E-431D-BFDF-66DE409691B3}.Release|Any CPU.Build.0 = Release|Any CPU
	EndGlobalSection
	GlobalSection(SolutionProperties) = preSolution
		HideSolutionNode = FALSE
	EndGlobalSection
	GlobalSection(ExtensibilityGlobals) = postSolution
		SolutionGuid = {27E90F8D-2622-4F41-A56E-DC3D29DC88F7}
	EndGlobalSection
EndGlobal
